
Microsoft Visual Studio Solution File, Format Version 11.00
# Visual Studio 2010
Project("{FAE04EC0-301F-11D3-BF4B-00C04F79EFBC}") = "futar", "ConsoleApplication1\futar.csproj", "{EA1E4550-F2C8-4131-A135-8DF0935C3B6E}"
EndProject
Global
	GlobalSection(SolutionConfigurationPlatforms) = preSolution
		Debug|x86 = Debug|x86
		Release|x86 = Release|x86
	EndGlobalSection
	GlobalSection(ProjectConfigurationPlatforms) = postSolution
		{EA1E4550-F2C8-4131-A135-8DF0935C3B6E}.Debug|x86.ActiveCfg = Debug|x86
		{EA1E4550-F2C8-4131-A135-8DF0935C3B6E}.Debug|x86.Build.0 = Debug|x86
		{EA1E4550-F2C8-4131-A135-8DF0935C3B6E}.Release|x86.ActiveCfg = Release|x86
		{EA1E4550-F2C8-4131-A135-8DF0935C3B6E}.Release|x86.Build.0 = Release|x86
	EndGlobalSection
	GlobalSection(SolutionProperties) = preSolution
		HideSolutionNode = FALSE
	EndGlobalSection
EndGlobal
